
Microsoft Visual Studio Solution File, Format Version 12.00
# Visual Studio Version 17
VisualStudioVersion = 17.9.34622.214
MinimumVisualStudioVersion = 10.0.40219.1
Project("{9A19103F-16F7-4668-BE54-9A1E7A4F7556}") = "Data", "Data\Data.csproj", "{C18746DB-7B10-4E9C-B972-5A2969D4B588}"
EndProject
Project("{9A19103F-16F7-4668-BE54-9A1E7A4F7556}") = "Logic", "Logic\Logic.csproj", "{47D18F0C-D951-45AF-BFD8-1E594C570C21}"
EndProject
Project("{FAE04EC0-301F-11D3-BF4B-00C04F79EFBC}") = "ViewModel", "Presentation\ViewModel\ViewModel.csproj", "{06D38F6F-F76A-4025-8428-D0BDA7000BB3}"
EndProject
Project("{FAE04EC0-301F-11D3-BF4B-00C04F79EFBC}") = "Model", "Presentation\Model\Model.csproj", "{DD6B0ECE-02B9-404A-87E5-549D617F5399}"
EndProject
Project("{FAE04EC0-301F-11D3-BF4B-00C04F79EFBC}") = "View", "Presentation\View\View.csproj", "{DE129548-5370-42C6-9E73-66B2669A0283}"
EndProject
Global
	GlobalSection(SolutionConfigurationPlatforms) = preSolution
		Debug|Any CPU = Debug|Any CPU
		Release|Any CPU = Release|Any CPU
	EndGlobalSection
	GlobalSection(ProjectConfigurationPlatforms) = postSolution
		{C18746DB-7B10-4E9C-B972-5A2969D4B588}.Debug|Any CPU.ActiveCfg = Debug|Any CPU
		{C18746DB-7B10-4E9C-B972-5A2969D4B588}.Debug|Any CPU.Build.0 = Debug|Any CPU
		{C18746DB-7B10-4E9C-B972-5A2969D4B588}.Release|Any CPU.ActiveCfg = Release|Any CPU
		{C18746DB-7B10-4E9C-B972-5A2969D4B588}.Release|Any CPU.Build.0 = Release|Any CPU
		{47D18F0C-D951-45AF-BFD8-1E594C570C21}.Debug|Any CPU.ActiveCfg = Debug|Any CPU
		{47D18F0C-D951-45AF-BFD8-1E594C570C21}.Debug|Any CPU.Build.0 = Debug|Any CPU
		{47D18F0C-D951-45AF-BFD8-1E594C570C21}.Release|Any CPU.ActiveCfg = Release|Any CPU
		{47D18F0C-D951-45AF-BFD8-1E594C570C21}.Release|Any CPU.Build.0 = Release|Any CPU
		{06D38F6F-F76A-4025-8428-D0BDA7000BB3}.Debug|Any CPU.ActiveCfg = Debug|Any CPU
		{06D38F6F-F76A-4025-8428-D0BDA7000BB3}.Debug|Any CPU.Build.0 = Debug|Any CPU
		{06D38F6F-F76A-4025-8428-D0BDA7000BB3}.Release|Any CPU.ActiveCfg = Release|Any CPU
		{06D38F6F-F76A-4025-8428-D0BDA7000BB3}.Release|Any CPU.Build.0 = Release|Any CPU
		{DD6B0ECE-02B9-404A-87E5-549D617F5399}.Debug|Any CPU.ActiveCfg = Debug|Any CPU
		{DD6B0ECE-02B9-404A-87E5-549D617F5399}.Debug|Any CPU.Build.0 = Debug|Any CPU
		{DD6B0ECE-02B9-404A-87E5-549D617F5399}.Release|Any CPU.ActiveCfg = Release|Any CPU
		{DD6B0ECE-02B9-404A-87E5-549D617F5399}.Release|Any CPU.Build.0 = Release|Any CPU
		{DE129548-5370-42C6-9E73-66B2669A0283}.Debug|Any CPU.ActiveCfg = Debug|Any CPU
		{DE129548-5370-42C6-9E73-66B2669A0283}.Debug|Any CPU.Build.0 = Debug|Any CPU
		{DE129548-5370-42C6-9E73-66B2669A0283}.Release|Any CPU.ActiveCfg = Release|Any CPU
		{DE129548-5370-42C6-9E73-66B2669A0283}.Release|Any CPU.Build.0 = Release|Any CPU
	EndGlobalSection
	GlobalSection(SolutionProperties) = preSolution
		HideSolutionNode = FALSE
	EndGlobalSection
	GlobalSection(ExtensibilityGlobals) = postSolution
		SolutionGuid = {9C044658-F6E0-4A45-B0EA-BB858AACC9A4}
	EndGlobalSection
EndGlobal
